%{"certifi": {:hex, :certifi, "0.1.1"},
  "comeonin": {:hex, :comeonin, "1.6.0"},
  "cowboy": {:hex, :cowboy, "1.0.3"},
  "cowlib": {:hex, :cowlib, "1.0.1"},
  "decimal": {:hex, :decimal, "1.1.0"},
  "ecto": {:hex, :ecto, "1.0.6"},
  "ecto_enum": {:hex, :ecto_enum, "0.3.0"},
  "eredis": {:hex, :eredis, "1.0.8"},
  "exjsx": {:hex, :exjsx, "3.1.0"},
  "exredis": {:hex, :exredis, "0.2.2"},
  "fs": {:hex, :fs, "0.9.2"},
  "hackney": {:hex, :hackney, "1.4.4"},
  "httpoison": {:hex, :httpoison, "0.8.0"},
  "idna": {:hex, :idna, "1.0.2"},
  "jsx": {:hex, :jsx, "2.4.0"},
  "logger_file_backend": {:hex, :logger_file_backend, "0.0.5"},
  "mimerl": {:hex, :mimerl, "1.0.0"},
  "mogrify": {:git, "https://github.com/miraks/mogrify.git", "051e61e9fcde57c1d50183cd47d112083d2ea722", []},
  "phoenix": {:hex, :phoenix, "1.0.3"},
  "phoenix_ecto": {:hex, :phoenix_ecto, "1.2.0"},
  "phoenix_live_reload": {:hex, :phoenix_live_reload, "1.0.1"},
  "plug": {:hex, :plug, "1.0.2"},
  "plug_forwarded_peer": {:hex, :plug_forwarded_peer, "0.0.2"},
  "poison": {:hex, :poison, "1.5.0"},
  "poolboy": {:hex, :poolboy, "1.5.1"},
  "postgrex": {:hex, :postgrex, "0.9.1"},
  "ranch": {:hex, :ranch, "1.1.0"},
  "scrivener": {:hex, :scrivener, "1.1.0"},
  "slugger": {:hex, :slugger, "0.0.1"},
  "ssl_verify_hostname": {:hex, :ssl_verify_hostname, "1.0.5"},
  "tirexs": {:hex, :tirexs, "0.7.2"}}
